
Microsoft Visual Studio Solution File, Format Version 12.00
# Visual Studio Version 17
VisualStudioVersion = 17.4.33213.308
MinimumVisualStudioVersion = 10.0.40219.1
Project("{FAE04EC0-301F-11D3-BF4B-00C04F79EFBC}") = "FindPets.Server", "FindPets\Server\FindPets.Server.csproj", "{66CBFC52-8D01-4EFD-98E7-5059E2E269B4}"
EndProject
Project("{FAE04EC0-301F-11D3-BF4B-00C04F79EFBC}") = "FindPets.Client", "FindPets\Client\FindPets.Client.csproj", "{CF345657-0D4B-40E3-AFC8-35C1C306B6B6}"
EndProject
Project("{FAE04EC0-301F-11D3-BF4B-00C04F79EFBC}") = "FindPets.Shared", "FindPets\Shared\FindPets.Shared.csproj", "{6E9D0C76-91CB-4A2C-AFAA-789CAFE2E965}"
EndProject
Global
	GlobalSection(SolutionConfigurationPlatforms) = preSolution
		Debug|Any CPU = Debug|Any CPU
		Release|Any CPU = Release|Any CPU
	EndGlobalSection
	GlobalSection(ProjectConfigurationPlatforms) = postSolution
		{66CBFC52-8D01-4EFD-98E7-5059E2E269B4}.Debug|Any CPU.ActiveCfg = Debug|Any CPU
		{66CBFC52-8D01-4EFD-98E7-5059E2E269B4}.Debug|Any CPU.Build.0 = Debug|Any CPU
		{66CBFC52-8D01-4EFD-98E7-5059E2E269B4}.Release|Any CPU.ActiveCfg = Release|Any CPU
		{66CBFC52-8D01-4EFD-98E7-5059E2E269B4}.Release|Any CPU.Build.0 = Release|Any CPU
		{CF345657-0D4B-40E3-AFC8-35C1C306B6B6}.Debug|Any CPU.ActiveCfg = Debug|Any CPU
		{CF345657-0D4B-40E3-AFC8-35C1C306B6B6}.Debug|Any CPU.Build.0 = Debug|Any CPU
		{CF345657-0D4B-40E3-AFC8-35C1C306B6B6}.Release|Any CPU.ActiveCfg = Release|Any CPU
		{CF345657-0D4B-40E3-AFC8-35C1C306B6B6}.Release|Any CPU.Build.0 = Release|Any CPU
		{6E9D0C76-91CB-4A2C-AFAA-789CAFE2E965}.Debug|Any CPU.ActiveCfg = Debug|Any CPU
		{6E9D0C76-91CB-4A2C-AFAA-789CAFE2E965}.Debug|Any CPU.Build.0 = Debug|Any CPU
		{6E9D0C76-91CB-4A2C-AFAA-789CAFE2E965}.Release|Any CPU.ActiveCfg = Release|Any CPU
		{6E9D0C76-91CB-4A2C-AFAA-789CAFE2E965}.Release|Any CPU.Build.0 = Release|Any CPU
	EndGlobalSection
	GlobalSection(SolutionProperties) = preSolution
		HideSolutionNode = FALSE
	EndGlobalSection
	GlobalSection(ExtensibilityGlobals) = postSolution
		SolutionGuid = {605D07F0-4D64-446C-A572-098D2DB0E109}
	EndGlobalSection
EndGlobal
